
Microsoft Visual Studio Solution File, Format Version 12.00
# Visual Studio Version 16
VisualStudioVersion = 16.0.30717.126
MinimumVisualStudioVersion = 10.0.40219.1
Project("{2150E333-8FDC-42A3-9474-1A3956D46DE8}") = "01.LC.WebApi", "01.LC.WebApi", "{3FC105DB-B026-4DD1-A177-CD576959ACA9}"
EndProject
Project("{2150E333-8FDC-42A3-9474-1A3956D46DE8}") = "02.LC.Manager", "02.LC.Manager", "{9F5639CA-275B-4A92-89DB-910998AAE738}"
EndProject
Project("{2150E333-8FDC-42A3-9474-1A3956D46DE8}") = "03.LC.Data", "03.LC.Data", "{8A441F93-02E9-47BD-84C4-9C3FC163B70A}"
EndProject
Project("{2150E333-8FDC-42A3-9474-1A3956D46DE8}") = "04.LC.Core", "04.LC.Core", "{3542ECA3-CEB2-4358-92B3-683252C0EE41}"
EndProject
Project("{2150E333-8FDC-42A3-9474-1A3956D46DE8}") = "05.LC.Tests", "05.LC.Tests", "{0C210B2F-DC7F-4CE1-AA70-CAED93A446A2}"
EndProject
Project("{9A19103F-16F7-4668-BE54-9A1E7A4F7556}") = "LC.Manager", "LC_Manager\LC.Manager.csproj", "{3EC9BCBB-16BC-4795-B855-6549B2D81F90}"
EndProject
Project("{9A19103F-16F7-4668-BE54-9A1E7A4F7556}") = "LC.Data", "LC_Data\LC.Data.csproj", "{F026F838-023E-4F6B-B19B-130EE48F5839}"
EndProject
Project("{9A19103F-16F7-4668-BE54-9A1E7A4F7556}") = "LC.Core", "LC_Core\LC.Core.csproj", "{88E06CA1-8900-4D22-B9EE-8A86BCAC5EF9}"
EndProject
Project("{9A19103F-16F7-4668-BE54-9A1E7A4F7556}") = "LC.Tests", "LC_Tests\LC.Tests.csproj", "{F580BDF7-D3AA-46AD-9EEB-0412CE260F25}"
EndProject
Project("{9A19103F-16F7-4668-BE54-9A1E7A4F7556}") = "LC.WebApi", "LC.WebApi\LC.WebApi.csproj", "{6A89FDA8-02FD-43ED-B7FD-35BB1A2D8CBC}"
EndProject
Project("{FAE04EC0-301F-11D3-BF4B-00C04F79EFBC}") = "LC.Core.Shared", "CL.Core.Shared\LC.Core.Shared.csproj", "{3AB171EC-4CB9-45CF-AAF6-7D7A11456500}"
EndProject
Global
	GlobalSection(SolutionConfigurationPlatforms) = preSolution
		Debug|Any CPU = Debug|Any CPU
		Release|Any CPU = Release|Any CPU
	EndGlobalSection
	GlobalSection(ProjectConfigurationPlatforms) = postSolution
		{3EC9BCBB-16BC-4795-B855-6549B2D81F90}.Debug|Any CPU.ActiveCfg = Debug|Any CPU
		{3EC9BCBB-16BC-4795-B855-6549B2D81F90}.Debug|Any CPU.Build.0 = Debug|Any CPU
		{3EC9BCBB-16BC-4795-B855-6549B2D81F90}.Release|Any CPU.ActiveCfg = Release|Any CPU
		{3EC9BCBB-16BC-4795-B855-6549B2D81F90}.Release|Any CPU.Build.0 = Release|Any CPU
		{F026F838-023E-4F6B-B19B-130EE48F5839}.Debug|Any CPU.ActiveCfg = Debug|Any CPU
		{F026F838-023E-4F6B-B19B-130EE48F5839}.Debug|Any CPU.Build.0 = Debug|Any CPU
		{F026F838-023E-4F6B-B19B-130EE48F5839}.Release|Any CPU.ActiveCfg = Release|Any CPU
		{F026F838-023E-4F6B-B19B-130EE48F5839}.Release|Any CPU.Build.0 = Release|Any CPU
		{88E06CA1-8900-4D22-B9EE-8A86BCAC5EF9}.Debug|Any CPU.ActiveCfg = Debug|Any CPU
		{88E06CA1-8900-4D22-B9EE-8A86BCAC5EF9}.Debug|Any CPU.Build.0 = Debug|Any CPU
		{88E06CA1-8900-4D22-B9EE-8A86BCAC5EF9}.Release|Any CPU.ActiveCfg = Release|Any CPU
		{88E06CA1-8900-4D22-B9EE-8A86BCAC5EF9}.Release|Any CPU.Build.0 = Release|Any CPU
		{F580BDF7-D3AA-46AD-9EEB-0412CE260F25}.Debug|Any CPU.ActiveCfg = Debug|Any CPU
		{F580BDF7-D3AA-46AD-9EEB-0412CE260F25}.Debug|Any CPU.Build.0 = Debug|Any CPU
		{F580BDF7-D3AA-46AD-9EEB-0412CE260F25}.Release|Any CPU.ActiveCfg = Release|Any CPU
		{F580BDF7-D3AA-46AD-9EEB-0412CE260F25}.Release|Any CPU.Build.0 = Release|Any CPU
		{6A89FDA8-02FD-43ED-B7FD-35BB1A2D8CBC}.Debug|Any CPU.ActiveCfg = Debug|Any CPU
		{6A89FDA8-02FD-43ED-B7FD-35BB1A2D8CBC}.Debug|Any CPU.Build.0 = Debug|Any CPU
		{6A89FDA8-02FD-43ED-B7FD-35BB1A2D8CBC}.Release|Any CPU.ActiveCfg = Release|Any CPU
		{6A89FDA8-02FD-43ED-B7FD-35BB1A2D8CBC}.Release|Any CPU.Build.0 = Release|Any CPU
		{3AB171EC-4CB9-45CF-AAF6-7D7A11456500}.Debug|Any CPU.ActiveCfg = Debug|Any CPU
		{3AB171EC-4CB9-45CF-AAF6-7D7A11456500}.Debug|Any CPU.Build.0 = Debug|Any CPU
		{3AB171EC-4CB9-45CF-AAF6-7D7A11456500}.Release|Any CPU.ActiveCfg = Release|Any CPU
		{3AB171EC-4CB9-45CF-AAF6-7D7A11456500}.Release|Any CPU.Build.0 = Release|Any CPU
	EndGlobalSection
	GlobalSection(SolutionProperties) = preSolution
		HideSolutionNode = FALSE
	EndGlobalSection
	GlobalSection(NestedProjects) = preSolution
		{3EC9BCBB-16BC-4795-B855-6549B2D81F90} = {9F5639CA-275B-4A92-89DB-910998AAE738}
		{F026F838-023E-4F6B-B19B-130EE48F5839} = {8A441F93-02E9-47BD-84C4-9C3FC163B70A}
		{88E06CA1-8900-4D22-B9EE-8A86BCAC5EF9} = {3542ECA3-CEB2-4358-92B3-683252C0EE41}
		{F580BDF7-D3AA-46AD-9EEB-0412CE260F25} = {0C210B2F-DC7F-4CE1-AA70-CAED93A446A2}
		{6A89FDA8-02FD-43ED-B7FD-35BB1A2D8CBC} = {3FC105DB-B026-4DD1-A177-CD576959ACA9}
		{3AB171EC-4CB9-45CF-AAF6-7D7A11456500} = {3542ECA3-CEB2-4358-92B3-683252C0EE41}
	EndGlobalSection
	GlobalSection(ExtensibilityGlobals) = postSolution
		SolutionGuid = {A618DD11-A26A-4375-8DEC-270862D73C85}
	EndGlobalSection
EndGlobal
